
Microsoft Visual Studio Solution File, Format Version 12.00
# Visual Studio Version 16
VisualStudioVersion = 16.0.31410.357
MinimumVisualStudioVersion = 10.0.40219.1
Project("{FAE04EC0-301F-11D3-BF4B-00C04F79EFBC}") = "LogHandler", "LogHandler\LogHandler.csproj", "{D1FEC3E9-581B-4424-AFDD-375537CB2ECD}"
EndProject
Project("{FAE04EC0-301F-11D3-BF4B-00C04F79EFBC}") = "LogHandler.Tests", "LogHandler.Tests\LogHandler.Tests.csproj", "{57E527BA-51A7-475B-BB53-0B786CDB6B8F}"
EndProject
Global
	GlobalSection(SolutionConfigurationPlatforms) = preSolution
		Debug|Any CPU = Debug|Any CPU
		Release|Any CPU = Release|Any CPU
	EndGlobalSection
	GlobalSection(ProjectConfigurationPlatforms) = postSolution
		{D1FEC3E9-581B-4424-AFDD-375537CB2ECD}.Debug|Any CPU.ActiveCfg = Debug|Any CPU
		{D1FEC3E9-581B-4424-AFDD-375537CB2ECD}.Debug|Any CPU.Build.0 = Debug|Any CPU
		{D1FEC3E9-581B-4424-AFDD-375537CB2ECD}.Release|Any CPU.ActiveCfg = Release|Any CPU
		{D1FEC3E9-581B-4424-AFDD-375537CB2ECD}.Release|Any CPU.Build.0 = Release|Any CPU
		{57E527BA-51A7-475B-BB53-0B786CDB6B8F}.Debug|Any CPU.ActiveCfg = Debug|Any CPU
		{57E527BA-51A7-475B-BB53-0B786CDB6B8F}.Debug|Any CPU.Build.0 = Debug|Any CPU
		{57E527BA-51A7-475B-BB53-0B786CDB6B8F}.Release|Any CPU.ActiveCfg = Release|Any CPU
		{57E527BA-51A7-475B-BB53-0B786CDB6B8F}.Release|Any CPU.Build.0 = Release|Any CPU
	EndGlobalSection
	GlobalSection(SolutionProperties) = preSolution
		HideSolutionNode = FALSE
	EndGlobalSection
	GlobalSection(ExtensibilityGlobals) = postSolution
		SolutionGuid = {188DAE9B-7A2E-4E97-9A69-CE7091813D69}
	EndGlobalSection
EndGlobal
